
Microsoft Visual Studio Solution File, Format Version 12.00
# Visual Studio Version 17
VisualStudioVersion = 17.5.33530.505
MinimumVisualStudioVersion = 10.0.40219.1
Project("{FAE04EC0-301F-11D3-BF4B-00C04F79EFBC}") = "FitGenius.Android", "FitGenius\FitGenius.Android\FitGenius.Android.csproj", "{27C76A1B-9055-42C2-8AFF-B3FA49DEE146}"
EndProject
Project("{FAE04EC0-301F-11D3-BF4B-00C04F79EFBC}") = "FitGenius", "FitGenius\FitGenius\FitGenius.csproj", "{37D8DD17-8E89-4472-9B14-B4B6F0BE951D}"
EndProject
Global
	GlobalSection(SolutionConfigurationPlatforms) = preSolution
		Debug|Any CPU = Debug|Any CPU
		Release|Any CPU = Release|Any CPU
	EndGlobalSection
	GlobalSection(ProjectConfigurationPlatforms) = postSolution
		{27C76A1B-9055-42C2-8AFF-B3FA49DEE146}.Debug|Any CPU.ActiveCfg = Debug|Any CPU
		{27C76A1B-9055-42C2-8AFF-B3FA49DEE146}.Debug|Any CPU.Build.0 = Debug|Any CPU
		{27C76A1B-9055-42C2-8AFF-B3FA49DEE146}.Debug|Any CPU.Deploy.0 = Debug|Any CPU
		{27C76A1B-9055-42C2-8AFF-B3FA49DEE146}.Release|Any CPU.ActiveCfg = Release|Any CPU
		{27C76A1B-9055-42C2-8AFF-B3FA49DEE146}.Release|Any CPU.Build.0 = Release|Any CPU
		{27C76A1B-9055-42C2-8AFF-B3FA49DEE146}.Release|Any CPU.Deploy.0 = Release|Any CPU
		{37D8DD17-8E89-4472-9B14-B4B6F0BE951D}.Debug|Any CPU.ActiveCfg = Debug|Any CPU
		{37D8DD17-8E89-4472-9B14-B4B6F0BE951D}.Debug|Any CPU.Build.0 = Debug|Any CPU
		{37D8DD17-8E89-4472-9B14-B4B6F0BE951D}.Debug|Any CPU.Deploy.0 = Debug|Any CPU
		{37D8DD17-8E89-4472-9B14-B4B6F0BE951D}.Release|Any CPU.ActiveCfg = Release|Any CPU
		{37D8DD17-8E89-4472-9B14-B4B6F0BE951D}.Release|Any CPU.Build.0 = Release|Any CPU
		{37D8DD17-8E89-4472-9B14-B4B6F0BE951D}.Release|Any CPU.Deploy.0 = Release|Any CPU
	EndGlobalSection
	GlobalSection(SolutionProperties) = preSolution
		HideSolutionNode = FALSE
	EndGlobalSection
	GlobalSection(ExtensibilityGlobals) = postSolution
		SolutionGuid = {4408E9DF-75A7-467A-B50E-5D53C4FF7D7B}
	EndGlobalSection
EndGlobal
